
Microsoft Visual Studio Solution File, Format Version 12.00
# Visual Studio 14
VisualStudioVersion = 14.0.25420.1
MinimumVisualStudioVersion = 10.0.40219.1
Project("{FAE04EC0-301F-11D3-BF4B-00C04F79EFBC}") = "EasyImage", "EasyImage\EasyImage.csproj", "{8E166AE4-935F-459D-BAEC-971C0E465296}"
EndProject
Project("{FAE04EC0-301F-11D3-BF4B-00C04F79EFBC}") = "UndoFramework", "UndoFramework\UndoFramework.csproj", "{9C523836-8CA4-40D5-BD28-1FA3D28B22B2}"
EndProject
Project("{FAE04EC0-301F-11D3-BF4B-00C04F79EFBC}") = "AnimatedImage", "AnimatedImage\AnimatedImage.csproj", "{DC1AABC7-3E0E-4658-97E3-2C35A4D8558C}"
EndProject
Project("{FAE04EC0-301F-11D3-BF4B-00C04F79EFBC}") = "IconMaker", "IconMaker\IconMaker.csproj", "{C4EAEDF8-B43E-4C7D-BF1E-1912E31C2EE5}"
EndProject
Project("{FAE04EC0-301F-11D3-BF4B-00C04F79EFBC}") = "WindowTemplate", "WindowTemplate\WindowTemplate.csproj", "{1E612735-97E8-4732-8BEF-CD805EADA88E}"
EndProject
Project("{FAE04EC0-301F-11D3-BF4B-00C04F79EFBC}") = "DealImage", "DealImage\DealImage.csproj", "{96FCEF8D-E606-49F2-8F76-CE489BBA2509}"
EndProject
Project("{2150E333-8FDC-42A3-9474-1A3956D46DE8}") = "Plugins", "Plugins", "{13A4330E-D5E4-4154-9505-9CEBAE2156C8}"
EndProject
Project("{FAE04EC0-301F-11D3-BF4B-00C04F79EFBC}") = "IPlugins", "IPlugins\IPlugins.csproj", "{A58D0620-D745-4670-BD0E-EAF5D852B5F6}"
EndProject
Project("{FAE04EC0-301F-11D3-BF4B-00C04F79EFBC}") = "PluginsTest", "PluginsTest\PluginsTest.csproj", "{1464E6AD-8FD0-46C4-9E61-C10B009B1BB9}"
EndProject
Project("{FAE04EC0-301F-11D3-BF4B-00C04F79EFBC}") = "EasyDeal", "EasyDeal\EasyDeal.csproj", "{CF1D71C3-EF8A-43D0-984D-97C748F437A6}"
EndProject
Project("{FAE04EC0-301F-11D3-BF4B-00C04F79EFBC}") = "Drawing", "Drawing\Drawing.csproj", "{05F4CB3F-48AD-4B98-A4DF-40709E9689EB}"
EndProject
Project("{FAE04EC0-301F-11D3-BF4B-00C04F79EFBC}") = "ArtDeal", "ArtDeal\ArtDeal.csproj", "{F6BD2CF5-88FA-4E75-BE66-FA165C9FA423}"
EndProject
Project("{FAE04EC0-301F-11D3-BF4B-00C04F79EFBC}") = "Beauty", "Beauty\Beauty.csproj", "{E1AF0DB5-6370-4E3D-862D-FCBCE5258344}"
EndProject
Project("{FAE04EC0-301F-11D3-BF4B-00C04F79EFBC}") = "Property", "Property\Property.csproj", "{DECBBA75-7127-47F4-87D6-57E515ECD759}"
EndProject
Project("{FAE04EC0-301F-11D3-BF4B-00C04F79EFBC}") = "GifDrawing", "GifDrawing\GifDrawing.csproj", "{A6A52FB7-7FB2-4725-AEFA-3CE0769580FB}"
EndProject
Project("{2150E333-8FDC-42A3-9474-1A3956D46DE8}") = "Components", "Components", "{1577DCB7-0C98-4304-9C8B-0952E955DFB1}"
EndProject
Project("{FAE04EC0-301F-11D3-BF4B-00C04F79EFBC}") = "EasyImageWebApp", "EasyImageWebApp\EasyImageWebApp.csproj", "{2D046C34-F0E4-4DF6-A6AB-8F0563514760}"
EndProject
Global
	GlobalSection(SolutionConfigurationPlatforms) = preSolution
		Debug|Any CPU = Debug|Any CPU
		Release|Any CPU = Release|Any CPU
	EndGlobalSection
	GlobalSection(ProjectConfigurationPlatforms) = postSolution
		{8E166AE4-935F-459D-BAEC-971C0E465296}.Debug|Any CPU.ActiveCfg = Debug|Any CPU
		{8E166AE4-935F-459D-BAEC-971C0E465296}.Debug|Any CPU.Build.0 = Debug|Any CPU
		{8E166AE4-935F-459D-BAEC-971C0E465296}.Release|Any CPU.ActiveCfg = Release|Any CPU
		{8E166AE4-935F-459D-BAEC-971C0E465296}.Release|Any CPU.Build.0 = Release|Any CPU
		{9C523836-8CA4-40D5-BD28-1FA3D28B22B2}.Debug|Any CPU.ActiveCfg = Debug|Any CPU
		{9C523836-8CA4-40D5-BD28-1FA3D28B22B2}.Debug|Any CPU.Build.0 = Debug|Any CPU
		{9C523836-8CA4-40D5-BD28-1FA3D28B22B2}.Release|Any CPU.ActiveCfg = Release|Any CPU
		{9C523836-8CA4-40D5-BD28-1FA3D28B22B2}.Release|Any CPU.Build.0 = Release|Any CPU
		{DC1AABC7-3E0E-4658-97E3-2C35A4D8558C}.Debug|Any CPU.ActiveCfg = Debug|Any CPU
		{DC1AABC7-3E0E-4658-97E3-2C35A4D8558C}.Debug|Any CPU.Build.0 = Debug|Any CPU
		{DC1AABC7-3E0E-4658-97E3-2C35A4D8558C}.Release|Any CPU.ActiveCfg = Release|Any CPU
		{DC1AABC7-3E0E-4658-97E3-2C35A4D8558C}.Release|Any CPU.Build.0 = Release|Any CPU
		{C4EAEDF8-B43E-4C7D-BF1E-1912E31C2EE5}.Debug|Any CPU.ActiveCfg = Debug|Any CPU
		{C4EAEDF8-B43E-4C7D-BF1E-1912E31C2EE5}.Debug|Any CPU.Build.0 = Debug|Any CPU
		{C4EAEDF8-B43E-4C7D-BF1E-1912E31C2EE5}.Release|Any CPU.ActiveCfg = Release|Any CPU
		{C4EAEDF8-B43E-4C7D-BF1E-1912E31C2EE5}.Release|Any CPU.Build.0 = Release|Any CPU
		{1E612735-97E8-4732-8BEF-CD805EADA88E}.Debug|Any CPU.ActiveCfg = Debug|Any CPU
		{1E612735-97E8-4732-8BEF-CD805EADA88E}.Debug|Any CPU.Build.0 = Debug|Any CPU
		{1E612735-97E8-4732-8BEF-CD805EADA88E}.Release|Any CPU.ActiveCfg = Release|Any CPU
		{1E612735-97E8-4732-8BEF-CD805EADA88E}.Release|Any CPU.Build.0 = Release|Any CPU
		{96FCEF8D-E606-49F2-8F76-CE489BBA2509}.Debug|Any CPU.ActiveCfg = Debug|Any CPU
		{96FCEF8D-E606-49F2-8F76-CE489BBA2509}.Debug|Any CPU.Build.0 = Debug|Any CPU
		{96FCEF8D-E606-49F2-8F76-CE489BBA2509}.Release|Any CPU.ActiveCfg = Release|Any CPU
		{96FCEF8D-E606-49F2-8F76-CE489BBA2509}.Release|Any CPU.Build.0 = Release|Any CPU
		{A58D0620-D745-4670-BD0E-EAF5D852B5F6}.Debug|Any CPU.ActiveCfg = Debug|Any CPU
		{A58D0620-D745-4670-BD0E-EAF5D852B5F6}.Debug|Any CPU.Build.0 = Debug|Any CPU
		{A58D0620-D745-4670-BD0E-EAF5D852B5F6}.Release|Any CPU.ActiveCfg = Release|Any CPU
		{A58D0620-D745-4670-BD0E-EAF5D852B5F6}.Release|Any CPU.Build.0 = Release|Any CPU
		{1464E6AD-8FD0-46C4-9E61-C10B009B1BB9}.Debug|Any CPU.ActiveCfg = Debug|Any CPU
		{1464E6AD-8FD0-46C4-9E61-C10B009B1BB9}.Debug|Any CPU.Build.0 = Debug|Any CPU
		{1464E6AD-8FD0-46C4-9E61-C10B009B1BB9}.Release|Any CPU.ActiveCfg = Release|Any CPU
		{1464E6AD-8FD0-46C4-9E61-C10B009B1BB9}.Release|Any CPU.Build.0 = Release|Any CPU
		{CF1D71C3-EF8A-43D0-984D-97C748F437A6}.Debug|Any CPU.ActiveCfg = Debug|Any CPU
		{CF1D71C3-EF8A-43D0-984D-97C748F437A6}.Debug|Any CPU.Build.0 = Debug|Any CPU
		{CF1D71C3-EF8A-43D0-984D-97C748F437A6}.Release|Any CPU.ActiveCfg = Release|Any CPU
		{CF1D71C3-EF8A-43D0-984D-97C748F437A6}.Release|Any CPU.Build.0 = Release|Any CPU
		{05F4CB3F-48AD-4B98-A4DF-40709E9689EB}.Debug|Any CPU.ActiveCfg = Debug|Any CPU
		{05F4CB3F-48AD-4B98-A4DF-40709E9689EB}.Debug|Any CPU.Build.0 = Debug|Any CPU
		{05F4CB3F-48AD-4B98-A4DF-40709E9689EB}.Release|Any CPU.ActiveCfg = Release|Any CPU
		{05F4CB3F-48AD-4B98-A4DF-40709E9689EB}.Release|Any CPU.Build.0 = Release|Any CPU
		{F6BD2CF5-88FA-4E75-BE66-FA165C9FA423}.Debug|Any CPU.ActiveCfg = Debug|Any CPU
		{F6BD2CF5-88FA-4E75-BE66-FA165C9FA423}.Debug|Any CPU.Build.0 = Debug|Any CPU
		{F6BD2CF5-88FA-4E75-BE66-FA165C9FA423}.Release|Any CPU.ActiveCfg = Release|Any CPU
		{F6BD2CF5-88FA-4E75-BE66-FA165C9FA423}.Release|Any CPU.Build.0 = Release|Any CPU
		{E1AF0DB5-6370-4E3D-862D-FCBCE5258344}.Debug|Any CPU.ActiveCfg = Debug|Any CPU
		{E1AF0DB5-6370-4E3D-862D-FCBCE5258344}.Debug|Any CPU.Build.0 = Debug|Any CPU
		{E1AF0DB5-6370-4E3D-862D-FCBCE5258344}.Release|Any CPU.ActiveCfg = Release|Any CPU
		{E1AF0DB5-6370-4E3D-862D-FCBCE5258344}.Release|Any CPU.Build.0 = Release|Any CPU
		{DECBBA75-7127-47F4-87D6-57E515ECD759}.Debug|Any CPU.ActiveCfg = Debug|Any CPU
		{DECBBA75-7127-47F4-87D6-57E515ECD759}.Debug|Any CPU.Build.0 = Debug|Any CPU
		{DECBBA75-7127-47F4-87D6-57E515ECD759}.Release|Any CPU.ActiveCfg = Release|Any CPU
		{DECBBA75-7127-47F4-87D6-57E515ECD759}.Release|Any CPU.Build.0 = Release|Any CPU
		{A6A52FB7-7FB2-4725-AEFA-3CE0769580FB}.Debug|Any CPU.ActiveCfg = Debug|Any CPU
		{A6A52FB7-7FB2-4725-AEFA-3CE0769580FB}.Debug|Any CPU.Build.0 = Debug|Any CPU
		{A6A52FB7-7FB2-4725-AEFA-3CE0769580FB}.Release|Any CPU.ActiveCfg = Release|Any CPU
		{A6A52FB7-7FB2-4725-AEFA-3CE0769580FB}.Release|Any CPU.Build.0 = Release|Any CPU
		{2D046C34-F0E4-4DF6-A6AB-8F0563514760}.Debug|Any CPU.ActiveCfg = Debug|Any CPU
		{2D046C34-F0E4-4DF6-A6AB-8F0563514760}.Debug|Any CPU.Build.0 = Debug|Any CPU
		{2D046C34-F0E4-4DF6-A6AB-8F0563514760}.Release|Any CPU.ActiveCfg = Release|Any CPU
		{2D046C34-F0E4-4DF6-A6AB-8F0563514760}.Release|Any CPU.Build.0 = Release|Any CPU
	EndGlobalSection
	GlobalSection(SolutionProperties) = preSolution
		HideSolutionNode = FALSE
	EndGlobalSection
	GlobalSection(NestedProjects) = preSolution
		{9C523836-8CA4-40D5-BD28-1FA3D28B22B2} = {1577DCB7-0C98-4304-9C8B-0952E955DFB1}
		{DC1AABC7-3E0E-4658-97E3-2C35A4D8558C} = {1577DCB7-0C98-4304-9C8B-0952E955DFB1}
		{C4EAEDF8-B43E-4C7D-BF1E-1912E31C2EE5} = {1577DCB7-0C98-4304-9C8B-0952E955DFB1}
		{1E612735-97E8-4732-8BEF-CD805EADA88E} = {1577DCB7-0C98-4304-9C8B-0952E955DFB1}
		{A58D0620-D745-4670-BD0E-EAF5D852B5F6} = {13A4330E-D5E4-4154-9505-9CEBAE2156C8}
		{1464E6AD-8FD0-46C4-9E61-C10B009B1BB9} = {13A4330E-D5E4-4154-9505-9CEBAE2156C8}
		{CF1D71C3-EF8A-43D0-984D-97C748F437A6} = {13A4330E-D5E4-4154-9505-9CEBAE2156C8}
		{05F4CB3F-48AD-4B98-A4DF-40709E9689EB} = {13A4330E-D5E4-4154-9505-9CEBAE2156C8}
		{F6BD2CF5-88FA-4E75-BE66-FA165C9FA423} = {13A4330E-D5E4-4154-9505-9CEBAE2156C8}
		{E1AF0DB5-6370-4E3D-862D-FCBCE5258344} = {13A4330E-D5E4-4154-9505-9CEBAE2156C8}
		{DECBBA75-7127-47F4-87D6-57E515ECD759} = {13A4330E-D5E4-4154-9505-9CEBAE2156C8}
		{A6A52FB7-7FB2-4725-AEFA-3CE0769580FB} = {1577DCB7-0C98-4304-9C8B-0952E955DFB1}
	EndGlobalSection
EndGlobal
