
Microsoft Visual Studio Solution File, Format Version 12.00
# Visual Studio 14
VisualStudioVersion = 14.0.25420.1
MinimumVisualStudioVersion = 10.0.40219.1
Project("{FAE04EC0-301F-11D3-BF4B-00C04F79EFBC}") = "EasyImage", "EasyImage\EasyImage.csproj", "{8E166AE4-935F-459D-BAEC-971C0E465296}"
EndProject
Project("{FAE04EC0-301F-11D3-BF4B-00C04F79EFBC}") = "UndoFramework", "UndoFramework\UndoFramework.csproj", "{9C523836-8CA4-40D5-BD28-1FA3D28B22B2}"
EndProject
Project("{FAE04EC0-301F-11D3-BF4B-00C04F79EFBC}") = "AnimatedImage", "AnimatedImage\AnimatedImage.csproj", "{DC1AABC7-3E0E-4658-97E3-2C35A4D8558C}"
EndProject
Project("{FAE04EC0-301F-11D3-BF4B-00C04F79EFBC}") = "IconMaker", "IconMaker\IconMaker.csproj", "{C4EAEDF8-B43E-4C7D-BF1E-1912E31C2EE5}"
EndProject
Project("{FAE04EC0-301F-11D3-BF4B-00C04F79EFBC}") = "WindowTemplate", "WindowTemplate\WindowTemplate.csproj", "{1E612735-97E8-4732-8BEF-CD805EADA88E}"
EndProject
Project("{FAE04EC0-301F-11D3-BF4B-00C04F79EFBC}") = "UnmanagedToolkit", "UnmanagedToolkit\UnmanagedToolkit.csproj", "{6CA5560E-AFE1-436E-9239-314D645054FF}"
EndProject
Project("{FAE04EC0-301F-11D3-BF4B-00C04F79EFBC}") = "DealImage", "DealImage\DealImage.csproj", "{96FCEF8D-E606-49F2-8F76-CE489BBA2509}"
EndProject
Project("{2150E333-8FDC-42A3-9474-1A3956D46DE8}") = "Plugins", "Plugins", "{13A4330E-D5E4-4154-9505-9CEBAE2156C8}"
EndProject
Project("{FAE04EC0-301F-11D3-BF4B-00C04F79EFBC}") = "IPlugins", "IPlugins\IPlugins.csproj", "{A58D0620-D745-4670-BD0E-EAF5D852B5F6}"
EndProject
Project("{FAE04EC0-301F-11D3-BF4B-00C04F79EFBC}") = "InvertColor", "InvertColor\InvertColor.csproj", "{32E8112D-9DBC-474F-9092-CF78C625AA3E}"
EndProject
Project("{FAE04EC0-301F-11D3-BF4B-00C04F79EFBC}") = "Gray", "Gray\Gray.csproj", "{7D31B3B1-AE2A-4F7B-8B75-D7BDC9964575}"
EndProject
Project("{FAE04EC0-301F-11D3-BF4B-00C04F79EFBC}") = "PluginsTest", "PluginsTest\PluginsTest.csproj", "{1464E6AD-8FD0-46C4-9E61-C10B009B1BB9}"
EndProject
Global
	GlobalSection(SolutionConfigurationPlatforms) = preSolution
		Debug|Any CPU = Debug|Any CPU
		Release|Any CPU = Release|Any CPU
	EndGlobalSection
	GlobalSection(ProjectConfigurationPlatforms) = postSolution
		{8E166AE4-935F-459D-BAEC-971C0E465296}.Debug|Any CPU.ActiveCfg = Debug|Any CPU
		{8E166AE4-935F-459D-BAEC-971C0E465296}.Debug|Any CPU.Build.0 = Debug|Any CPU
		{8E166AE4-935F-459D-BAEC-971C0E465296}.Release|Any CPU.ActiveCfg = Release|Any CPU
		{8E166AE4-935F-459D-BAEC-971C0E465296}.Release|Any CPU.Build.0 = Release|Any CPU
		{9C523836-8CA4-40D5-BD28-1FA3D28B22B2}.Debug|Any CPU.ActiveCfg = Debug|Any CPU
		{9C523836-8CA4-40D5-BD28-1FA3D28B22B2}.Debug|Any CPU.Build.0 = Debug|Any CPU
		{9C523836-8CA4-40D5-BD28-1FA3D28B22B2}.Release|Any CPU.ActiveCfg = Release|Any CPU
		{9C523836-8CA4-40D5-BD28-1FA3D28B22B2}.Release|Any CPU.Build.0 = Release|Any CPU
		{DC1AABC7-3E0E-4658-97E3-2C35A4D8558C}.Debug|Any CPU.ActiveCfg = Debug|Any CPU
		{DC1AABC7-3E0E-4658-97E3-2C35A4D8558C}.Debug|Any CPU.Build.0 = Debug|Any CPU
		{DC1AABC7-3E0E-4658-97E3-2C35A4D8558C}.Release|Any CPU.ActiveCfg = Release|Any CPU
		{DC1AABC7-3E0E-4658-97E3-2C35A4D8558C}.Release|Any CPU.Build.0 = Release|Any CPU
		{C4EAEDF8-B43E-4C7D-BF1E-1912E31C2EE5}.Debug|Any CPU.ActiveCfg = Debug|Any CPU
		{C4EAEDF8-B43E-4C7D-BF1E-1912E31C2EE5}.Debug|Any CPU.Build.0 = Debug|Any CPU
		{C4EAEDF8-B43E-4C7D-BF1E-1912E31C2EE5}.Release|Any CPU.ActiveCfg = Release|Any CPU
		{C4EAEDF8-B43E-4C7D-BF1E-1912E31C2EE5}.Release|Any CPU.Build.0 = Release|Any CPU
		{1E612735-97E8-4732-8BEF-CD805EADA88E}.Debug|Any CPU.ActiveCfg = Debug|Any CPU
		{1E612735-97E8-4732-8BEF-CD805EADA88E}.Debug|Any CPU.Build.0 = Debug|Any CPU
		{1E612735-97E8-4732-8BEF-CD805EADA88E}.Release|Any CPU.ActiveCfg = Release|Any CPU
		{1E612735-97E8-4732-8BEF-CD805EADA88E}.Release|Any CPU.Build.0 = Release|Any CPU
		{6CA5560E-AFE1-436E-9239-314D645054FF}.Debug|Any CPU.ActiveCfg = Debug|Any CPU
		{6CA5560E-AFE1-436E-9239-314D645054FF}.Debug|Any CPU.Build.0 = Debug|Any CPU
		{6CA5560E-AFE1-436E-9239-314D645054FF}.Release|Any CPU.ActiveCfg = Release|Any CPU
		{6CA5560E-AFE1-436E-9239-314D645054FF}.Release|Any CPU.Build.0 = Release|Any CPU
		{96FCEF8D-E606-49F2-8F76-CE489BBA2509}.Debug|Any CPU.ActiveCfg = Debug|Any CPU
		{96FCEF8D-E606-49F2-8F76-CE489BBA2509}.Debug|Any CPU.Build.0 = Debug|Any CPU
		{96FCEF8D-E606-49F2-8F76-CE489BBA2509}.Release|Any CPU.ActiveCfg = Release|Any CPU
		{96FCEF8D-E606-49F2-8F76-CE489BBA2509}.Release|Any CPU.Build.0 = Release|Any CPU
		{A58D0620-D745-4670-BD0E-EAF5D852B5F6}.Debug|Any CPU.ActiveCfg = Debug|Any CPU
		{A58D0620-D745-4670-BD0E-EAF5D852B5F6}.Debug|Any CPU.Build.0 = Debug|Any CPU
		{A58D0620-D745-4670-BD0E-EAF5D852B5F6}.Release|Any CPU.ActiveCfg = Release|Any CPU
		{A58D0620-D745-4670-BD0E-EAF5D852B5F6}.Release|Any CPU.Build.0 = Release|Any CPU
		{32E8112D-9DBC-474F-9092-CF78C625AA3E}.Debug|Any CPU.ActiveCfg = Debug|Any CPU
		{32E8112D-9DBC-474F-9092-CF78C625AA3E}.Debug|Any CPU.Build.0 = Debug|Any CPU
		{32E8112D-9DBC-474F-9092-CF78C625AA3E}.Release|Any CPU.ActiveCfg = Release|Any CPU
		{32E8112D-9DBC-474F-9092-CF78C625AA3E}.Release|Any CPU.Build.0 = Release|Any CPU
		{7D31B3B1-AE2A-4F7B-8B75-D7BDC9964575}.Debug|Any CPU.ActiveCfg = Debug|Any CPU
		{7D31B3B1-AE2A-4F7B-8B75-D7BDC9964575}.Debug|Any CPU.Build.0 = Debug|Any CPU
		{7D31B3B1-AE2A-4F7B-8B75-D7BDC9964575}.Release|Any CPU.ActiveCfg = Release|Any CPU
		{7D31B3B1-AE2A-4F7B-8B75-D7BDC9964575}.Release|Any CPU.Build.0 = Release|Any CPU
		{1464E6AD-8FD0-46C4-9E61-C10B009B1BB9}.Debug|Any CPU.ActiveCfg = Debug|Any CPU
		{1464E6AD-8FD0-46C4-9E61-C10B009B1BB9}.Debug|Any CPU.Build.0 = Debug|Any CPU
		{1464E6AD-8FD0-46C4-9E61-C10B009B1BB9}.Release|Any CPU.ActiveCfg = Release|Any CPU
		{1464E6AD-8FD0-46C4-9E61-C10B009B1BB9}.Release|Any CPU.Build.0 = Release|Any CPU
	EndGlobalSection
	GlobalSection(SolutionProperties) = preSolution
		HideSolutionNode = FALSE
	EndGlobalSection
	GlobalSection(NestedProjects) = preSolution
		{A58D0620-D745-4670-BD0E-EAF5D852B5F6} = {13A4330E-D5E4-4154-9505-9CEBAE2156C8}
		{32E8112D-9DBC-474F-9092-CF78C625AA3E} = {13A4330E-D5E4-4154-9505-9CEBAE2156C8}
		{7D31B3B1-AE2A-4F7B-8B75-D7BDC9964575} = {13A4330E-D5E4-4154-9505-9CEBAE2156C8}
		{1464E6AD-8FD0-46C4-9E61-C10B009B1BB9} = {13A4330E-D5E4-4154-9505-9CEBAE2156C8}
	EndGlobalSection
EndGlobal
